
Microsoft Visual Studio Solution File, Format Version 12.00
# Visual Studio Version 17
VisualStudioVersion = 17.3.32811.315
MinimumVisualStudioVersion = 10.0.40219.1
Project("{8BC9CEB8-8B4A-11D0-8D11-00A0C91BC942}") = "StudyLanguage", "StudyLanguage\StudyLanguage.vcxproj", "{6C5A2B52-5D9F-4DE9-BAA3-D47C896779A7}"
EndProject
Global
	GlobalSection(SolutionConfigurationPlatforms) = preSolution
		Debug|x64 = Debug|x64
		Debug|x86 = Debug|x86
		Release|x64 = Release|x64
		Release|x86 = Release|x86
	EndGlobalSection
	GlobalSection(ProjectConfigurationPlatforms) = postSolution
		{6C5A2B52-5D9F-4DE9-BAA3-D47C896779A7}.Debug|x64.ActiveCfg = Debug|x64
		{6C5A2B52-5D9F-4DE9-BAA3-D47C896779A7}.Debug|x64.Build.0 = Debug|x64
		{6C5A2B52-5D9F-4DE9-BAA3-D47C896779A7}.Debug|x86.ActiveCfg = Debug|Win32
		{6C5A2B52-5D9F-4DE9-BAA3-D47C896779A7}.Debug|x86.Build.0 = Debug|Win32
		{6C5A2B52-5D9F-4DE9-BAA3-D47C896779A7}.Release|x64.ActiveCfg = Release|x64
		{6C5A2B52-5D9F-4DE9-BAA3-D47C896779A7}.Release|x64.Build.0 = Release|x64
		{6C5A2B52-5D9F-4DE9-BAA3-D47C896779A7}.Release|x86.ActiveCfg = Release|Win32
		{6C5A2B52-5D9F-4DE9-BAA3-D47C896779A7}.Release|x86.Build.0 = Release|Win32
	EndGlobalSection
	GlobalSection(SolutionProperties) = preSolution
		HideSolutionNode = FALSE
	EndGlobalSection
	GlobalSection(ExtensibilityGlobals) = postSolution
		SolutionGuid = {7FA721E1-0E71-42A4-B0C2-823BCE9E4802}
	EndGlobalSection
EndGlobal
